
Microsoft Visual Studio Solution File, Format Version 12.00
# Visual Studio Version 17
VisualStudioVersion = 17.10.35027.167
MinimumVisualStudioVersion = 10.0.40219.1
Project("{FAE04EC0-301F-11D3-BF4B-00C04F79EFBC}") = "ASPCoreWebAPI", "ASPCoreWebAPI\ASPCoreWebAPI.csproj", "{894F8EE4-6962-4D7B-9053-81D4DFE70590}"
EndProject
Global
	GlobalSection(SolutionConfigurationPlatforms) = preSolution
		Debug|Any CPU = Debug|Any CPU
		Release|Any CPU = Release|Any CPU
	EndGlobalSection
	GlobalSection(ProjectConfigurationPlatforms) = postSolution
		{894F8EE4-6962-4D7B-9053-81D4DFE70590}.Debug|Any CPU.ActiveCfg = Debug|Any CPU
		{894F8EE4-6962-4D7B-9053-81D4DFE70590}.Debug|Any CPU.Build.0 = Debug|Any CPU
		{894F8EE4-6962-4D7B-9053-81D4DFE70590}.Release|Any CPU.ActiveCfg = Release|Any CPU
		{894F8EE4-6962-4D7B-9053-81D4DFE70590}.Release|Any CPU.Build.0 = Release|Any CPU
	EndGlobalSection
	GlobalSection(SolutionProperties) = preSolution
		HideSolutionNode = FALSE
	EndGlobalSection
	GlobalSection(ExtensibilityGlobals) = postSolution
		SolutionGuid = {566DF7EA-6C64-4AF8-A671-DA12E03CDBB7}
	EndGlobalSection
EndGlobal
